// !$*UTF8*$!
{
	archiveVersion = 1;
	classes = {
	};
	objectVersion = 56;
	objects = {

/* Begin PBXBuildFile section */
		17F334362BC746B400461210 /* AppDelegate.swift in Sources */ = {isa = PBXBuildFile; fileRef = 17F334352BC746B400461210 /* AppDelegate.swift */; };
		17F334382BC746B400461210 /* SceneDelegate.swift in Sources */ = {isa = PBXBuildFile; fileRef = 17F334372BC746B400461210 /* SceneDelegate.swift */; };
		17F3343A2BC746B400461210 /* RMTabViewController.swift in Sources */ = {isa = PBXBuildFile; fileRef = 17F334392BC746B400461210 /* RMTabViewController.swift */; };
		17F3343F2BC746B500461210 /* Assets.xcassets in Resources */ = {isa = PBXBuildFile; fileRef = 17F3343E2BC746B500461210 /* Assets.xcassets */; };
		17F334422BC746B500461210 /* Base in Resources */ = {isa = PBXBuildFile; fileRef = 17F334412BC746B500461210 /* Base */; };
		17F334512BC7494700461210 /* RMLocation.swift in Sources */ = {isa = PBXBuildFile; fileRef = 17F334502BC7494700461210 /* RMLocation.swift */; };
		17F334532BC7494E00461210 /* RMCharacter.swift in Sources */ = {isa = PBXBuildFile; fileRef = 17F334522BC7494E00461210 /* RMCharacter.swift */; };
		17F334552BC7495400461210 /* RMEpisode.swift in Sources */ = {isa = PBXBuildFile; fileRef = 17F334542BC7495400461210 /* RMEpisode.swift */; };
		17F334582BC749CB00461210 /* RMCharacterViewController.swift in Sources */ = {isa = PBXBuildFile; fileRef = 17F334572BC749CB00461210 /* RMCharacterViewController.swift */; };
		17F3345A2BC749D600461210 /* RMLocationViewController.swift in Sources */ = {isa = PBXBuildFile; fileRef = 17F334592BC749D600461210 /* RMLocationViewController.swift */; };
		17F3345C2BC749EC00461210 /* RMEpisodeViewController.swift in Sources */ = {isa = PBXBuildFile; fileRef = 17F3345B2BC749EC00461210 /* RMEpisodeViewController.swift */; };
		17F3345E2BC749FA00461210 /* RMSettingsViewController.swift in Sources */ = {isa = PBXBuildFile; fileRef = 17F3345D2BC749FA00461210 /* RMSettingsViewController.swift */; };
		17F334602BC751BD00461210 /* RMService.swift in Sources */ = {isa = PBXBuildFile; fileRef = 17F3345F2BC751BD00461210 /* RMService.swift */; };
		17F334622BC751CA00461210 /* RMRequest.swift in Sources */ = {isa = PBXBuildFile; fileRef = 17F334612BC751CA00461210 /* RMRequest.swift */; };
		17F334642BC7525D00461210 /* RMEndpoint.swift in Sources */ = {isa = PBXBuildFile; fileRef = 17F334632BC7525D00461210 /* RMEndpoint.swift */; };
		17F334662BC7569500461210 /* RMOrigin.swift in Sources */ = {isa = PBXBuildFile; fileRef = 17F334652BC7569500461210 /* RMOrigin.swift */; };
		17F334682BC7570000461210 /* RMSingeLocation.swift in Sources */ = {isa = PBXBuildFile; fileRef = 17F334672BC7570000461210 /* RMSingeLocation.swift */; };
		17F3346A2BC757D100461210 /* RMCharacterStatus.swift in Sources */ = {isa = PBXBuildFile; fileRef = 17F334692BC757D100461210 /* RMCharacterStatus.swift */; };
		17F3346C2BC757F900461210 /* RMCharacterGender.swift in Sources */ = {isa = PBXBuildFile; fileRef = 17F3346B2BC757F900461210 /* RMCharacterGender.swift */; };
		17F3346E2BC76A6200461210 /* RMError.swift in Sources */ = {isa = PBXBuildFile; fileRef = 17F3346D2BC76A6200461210 /* RMError.swift */; };
		17F334722BC7740D00461210 /* RMGetAllCharactersResponse.swift in Sources */ = {isa = PBXBuildFile; fileRef = 17F334712BC7740D00461210 /* RMGetAllCharactersResponse.swift */; };
/* End PBXBuildFile section */

/* Begin PBXFileReference section */
		17F334322BC746B400461210 /* RickAndMorty.app */ = {isa = PBXFileReference; explicitFileType = wrapper.application; includeInIndex = 0; path = RickAndMorty.app; sourceTree = BUILT_PRODUCTS_DIR; };
		17F334352BC746B400461210 /* AppDelegate.swift */ = {isa = PBXFileReference; lastKnownFileType = sourcecode.swift; path = AppDelegate.swift; sourceTree = "<group>"; };
		17F334372BC746B400461210 /* SceneDelegate.swift */ = {isa = PBXFileReference; lastKnownFileType = sourcecode.swift; path = SceneDelegate.swift; sourceTree = "<group>"; };
		17F334392BC746B400461210 /* RMTabViewController.swift */ = {isa = PBXFileReference; lastKnownFileType = sourcecode.swift; path = RMTabViewController.swift; sourceTree = "<group>"; };
		17F3343E2BC746B500461210 /* Assets.xcassets */ = {isa = PBXFileReference; lastKnownFileType = folder.assetcatalog; path = Assets.xcassets; sourceTree = "<group>"; };
		17F334412BC746B500461210 /* Base */ = {isa = PBXFileReference; lastKnownFileType = file.storyboard; name = Base; path = Base.lproj/LaunchScreen.storyboard; sourceTree = "<group>"; };
		17F334432BC746B500461210 /* Info.plist */ = {isa = PBXFileReference; lastKnownFileType = text.plist.xml; path = Info.plist; sourceTree = "<group>"; };
		17F334502BC7494700461210 /* RMLocation.swift */ = {isa = PBXFileReference; lastKnownFileType = sourcecode.swift; path = RMLocation.swift; sourceTree = "<group>"; };
		17F334522BC7494E00461210 /* RMCharacter.swift */ = {isa = PBXFileReference; lastKnownFileType = sourcecode.swift; path = RMCharacter.swift; sourceTree = "<group>"; };
		17F334542BC7495400461210 /* RMEpisode.swift */ = {isa = PBXFileReference; lastKnownFileType = sourcecode.swift; path = RMEpisode.swift; sourceTree = "<group>"; };
		17F334572BC749CB00461210 /* RMCharacterViewController.swift */ = {isa = PBXFileReference; lastKnownFileType = sourcecode.swift; path = RMCharacterViewController.swift; sourceTree = "<group>"; };
		17F334592BC749D600461210 /* RMLocationViewController.swift */ = {isa = PBXFileReference; lastKnownFileType = sourcecode.swift; path = RMLocationViewController.swift; sourceTree = "<group>"; };
		17F3345B2BC749EC00461210 /* RMEpisodeViewController.swift */ = {isa = PBXFileReference; lastKnownFileType = sourcecode.swift; path = RMEpisodeViewController.swift; sourceTree = "<group>"; };
		17F3345D2BC749FA00461210 /* RMSettingsViewController.swift */ = {isa = PBXFileReference; lastKnownFileType = sourcecode.swift; path = RMSettingsViewController.swift; sourceTree = "<group>"; };
		17F3345F2BC751BD00461210 /* RMService.swift */ = {isa = PBXFileReference; lastKnownFileType = sourcecode.swift; path = RMService.swift; sourceTree = "<group>"; };
		17F334612BC751CA00461210 /* RMRequest.swift */ = {isa = PBXFileReference; lastKnownFileType = sourcecode.swift; path = RMRequest.swift; sourceTree = "<group>"; };
		17F334632BC7525D00461210 /* RMEndpoint.swift */ = {isa = PBXFileReference; lastKnownFileType = sourcecode.swift; path = RMEndpoint.swift; sourceTree = "<group>"; };
		17F334652BC7569500461210 /* RMOrigin.swift */ = {isa = PBXFileReference; lastKnownFileType = sourcecode.swift; path = RMOrigin.swift; sourceTree = "<group>"; };
		17F334672BC7570000461210 /* RMSingeLocation.swift */ = {isa = PBXFileReference; lastKnownFileType = sourcecode.swift; path = RMSingeLocation.swift; sourceTree = "<group>"; };
		17F334692BC757D100461210 /* RMCharacterStatus.swift */ = {isa = PBXFileReference; lastKnownFileType = sourcecode.swift; path = RMCharacterStatus.swift; sourceTree = "<group>"; };
		17F3346B2BC757F900461210 /* RMCharacterGender.swift */ = {isa = PBXFileReference; lastKnownFileType = sourcecode.swift; path = RMCharacterGender.swift; sourceTree = "<group>"; };
		17F3346D2BC76A6200461210 /* RMError.swift */ = {isa = PBXFileReference; lastKnownFileType = sourcecode.swift; path = RMError.swift; sourceTree = "<group>"; };
		17F334712BC7740D00461210 /* RMGetAllCharactersResponse.swift */ = {isa = PBXFileReference; lastKnownFileType = sourcecode.swift; path = RMGetAllCharactersResponse.swift; sourceTree = "<group>"; };
/* End PBXFileReference section */

/* Begin PBXFrameworksBuildPhase section */
		17F3342F2BC746B400461210 /* Frameworks */ = {
			isa = PBXFrameworksBuildPhase;
			buildActionMask = 2147483647;
			files = (
			);
			runOnlyForDeploymentPostprocessing = 0;
		};
/* End PBXFrameworksBuildPhase section */

/* Begin PBXGroup section */
		17F334292BC746B400461210 = {
			isa = PBXGroup;
			children = (
				17F334342BC746B400461210 /* RickAndMorty */,
				17F334332BC746B400461210 /* Products */,
			);
			sourceTree = "<group>";
		};
		17F334332BC746B400461210 /* Products */ = {
			isa = PBXGroup;
			children = (
				17F334322BC746B400461210 /* RickAndMorty.app */,
			);
			name = Products;
			sourceTree = "<group>";
		};
		17F334342BC746B400461210 /* RickAndMorty */ = {
			isa = PBXGroup;
			children = (
				17F3344F2BC747FE00461210 /* Resources */,
				17F3344E2BC747F500461210 /* Managers */,
				17F3344D2BC747E100461210 /* APIClients */,
				17F3344C2BC747D700461210 /* ViewModels */,
				17F3344B2BC747D200461210 /* Views */,
				17F3344A2BC747CD00461210 /* Models */,
				17F334492BC747C500461210 /* Controllers */,
				17F334432BC746B500461210 /* Info.plist */,
			);
			path = RickAndMorty;
			sourceTree = "<group>";
		};
		17F334492BC747C500461210 /* Controllers */ = {
			isa = PBXGroup;
			children = (
				17F334562BC749AF00461210 /* Core */,
			);
			path = Controllers;
			sourceTree = "<group>";
		};
		17F3344A2BC747CD00461210 /* Models */ = {
			isa = PBXGroup;
			children = (
				17F334702BC773EC00461210 /* APIResponseTypes */,
				17F3346F2BC773DA00461210 /* DataTypes */,
			);
			path = Models;
			sourceTree = "<group>";
		};
		17F3344B2BC747D200461210 /* Views */ = {
			isa = PBXGroup;
			children = (
			);
			path = Views;
			sourceTree = "<group>";
		};
		17F3344C2BC747D700461210 /* ViewModels */ = {
			isa = PBXGroup;
			children = (
			);
			path = ViewModels;
			sourceTree = "<group>";
		};
		17F3344D2BC747E100461210 /* APIClients */ = {
			isa = PBXGroup;
			children = (
				17F3345F2BC751BD00461210 /* RMService.swift */,
				17F334612BC751CA00461210 /* RMRequest.swift */,
				17F334632BC7525D00461210 /* RMEndpoint.swift */,
				17F3346D2BC76A6200461210 /* RMError.swift */,
			);
			path = APIClients;
			sourceTree = "<group>";
		};
		17F3344E2BC747F500461210 /* Managers */ = {
			isa = PBXGroup;
			children = (
			);
			path = Managers;
			sourceTree = "<group>";
		};
		17F3344F2BC747FE00461210 /* Resources */ = {
			isa = PBXGroup;
			children = (
				17F3343E2BC746B500461210 /* Assets.xcassets */,
				17F334402BC746B500461210 /* LaunchScreen.storyboard */,
				17F334352BC746B400461210 /* AppDelegate.swift */,
				17F334372BC746B400461210 /* SceneDelegate.swift */,
			);
			path = Resources;
			sourceTree = "<group>";
		};
		17F334562BC749AF00461210 /* Core */ = {
			isa = PBXGroup;
			children = (
				17F334392BC746B400461210 /* RMTabViewController.swift */,
				17F334572BC749CB00461210 /* RMCharacterViewController.swift */,
				17F334592BC749D600461210 /* RMLocationViewController.swift */,
				17F3345B2BC749EC00461210 /* RMEpisodeViewController.swift */,
				17F3345D2BC749FA00461210 /* RMSettingsViewController.swift */,
			);
			path = Core;
			sourceTree = "<group>";
		};
		17F3346F2BC773DA00461210 /* DataTypes */ = {
			isa = PBXGroup;
			children = (
				17F334522BC7494E00461210 /* RMCharacter.swift */,
				17F334502BC7494700461210 /* RMLocation.swift */,
				17F334542BC7495400461210 /* RMEpisode.swift */,
				17F334652BC7569500461210 /* RMOrigin.swift */,
				17F334672BC7570000461210 /* RMSingeLocation.swift */,
				17F334692BC757D100461210 /* RMCharacterStatus.swift */,
				17F3346B2BC757F900461210 /* RMCharacterGender.swift */,
			);
			path = DataTypes;
			sourceTree = "<group>";
		};
		17F334702BC773EC00461210 /* APIResponseTypes */ = {
			isa = PBXGroup;
			children = (
				17F334712BC7740D00461210 /* RMGetAllCharactersResponse.swift */,
			);
			path = APIResponseTypes;
			sourceTree = "<group>";
		};
/* End PBXGroup section */

/* Begin PBXNativeTarget section */
		17F334312BC746B400461210 /* RickAndMorty */ = {
			isa = PBXNativeTarget;
			buildConfigurationList = 17F334462BC746B500461210 /* Build configuration list for PBXNativeTarget "RickAndMorty" */;
			buildPhases = (
				17F3342E2BC746B400461210 /* Sources */,
				17F3342F2BC746B400461210 /* Frameworks */,
				17F334302BC746B400461210 /* Resources */,
			);
			buildRules = (
			);
			dependencies = (
			);
			name = RickAndMorty;
			productName = RickAndMorty;
			productReference = 17F334322BC746B400461210 /* RickAndMorty.app */;
			productType = "com.apple.product-type.application";
		};
/* End PBXNativeTarget section */

/* Begin PBXProject section */
		17F3342A2BC746B400461210 /* Project object */ = {
			isa = PBXProject;
			attributes = {
				BuildIndependentTargetsInParallel = 1;
				LastSwiftUpdateCheck = 1530;
				LastUpgradeCheck = 1530;
				TargetAttributes = {
					17F334312BC746B400461210 = {
						CreatedOnToolsVersion = 15.3;
					};
				};
			};
			buildConfigurationList = 17F3342D2BC746B400461210 /* Build configuration list for PBXProject "RickAndMorty" */;
			compatibilityVersion = "Xcode 14.0";
			developmentRegion = en;
			hasScannedForEncodings = 0;
			knownRegions = (
				en,
				Base,
			);
			mainGroup = 17F334292BC746B400461210;
			productRefGroup = 17F334332BC746B400461210 /* Products */;
			projectDirPath = "";
			projectRoot = "";
			targets = (
				17F334312BC746B400461210 /* RickAndMorty */,
			);
		};
/* End PBXProject section */

/* Begin PBXResourcesBuildPhase section */
		17F334302BC746B400461210 /* Resources */ = {
			isa = PBXResourcesBuildPhase;
			buildActionMask = 2147483647;
			files = (
				17F3343F2BC746B500461210 /* Assets.xcassets in Resources */,
				17F334422BC746B500461210 /* Base in Resources */,
			);
			runOnlyForDeploymentPostprocessing = 0;
		};
/* End PBXResourcesBuildPhase section */

/* Begin PBXSourcesBuildPhase section */
		17F3342E2BC746B400461210 /* Sources */ = {
			isa = PBXSourcesBuildPhase;
			buildActionMask = 2147483647;
			files = (
				17F334662BC7569500461210 /* RMOrigin.swift in Sources */,
				17F3345A2BC749D600461210 /* RMLocationViewController.swift in Sources */,
				17F3346A2BC757D100461210 /* RMCharacterStatus.swift in Sources */,
				17F3346C2BC757F900461210 /* RMCharacterGender.swift in Sources */,
				17F334552BC7495400461210 /* RMEpisode.swift in Sources */,
				17F334682BC7570000461210 /* RMSingeLocation.swift in Sources */,
				17F3343A2BC746B400461210 /* RMTabViewController.swift in Sources */,
				17F3346E2BC76A6200461210 /* RMError.swift in Sources */,
				17F3345C2BC749EC00461210 /* RMEpisodeViewController.swift in Sources */,
				17F334362BC746B400461210 /* AppDelegate.swift in Sources */,
				17F334722BC7740D00461210 /* RMGetAllCharactersResponse.swift in Sources */,
				17F334382BC746B400461210 /* SceneDelegate.swift in Sources */,
				17F3345E2BC749FA00461210 /* RMSettingsViewController.swift in Sources */,
				17F334602BC751BD00461210 /* RMService.swift in Sources */,
				17F334512BC7494700461210 /* RMLocation.swift in Sources */,
				17F334642BC7525D00461210 /* RMEndpoint.swift in Sources */,
				17F334532BC7494E00461210 /* RMCharacter.swift in Sources */,
				17F334622BC751CA00461210 /* RMRequest.swift in Sources */,
				17F334582BC749CB00461210 /* RMCharacterViewController.swift in Sources */,
			);
			runOnlyForDeploymentPostprocessing = 0;
		};
/* End PBXSourcesBuildPhase section */

/* Begin PBXVariantGroup section */
		17F334402BC746B500461210 /* LaunchScreen.storyboard */ = {
			isa = PBXVariantGroup;
			children = (
				17F334412BC746B500461210 /* Base */,
			);
			name = LaunchScreen.storyboard;
			sourceTree = "<group>";
		};
/* End PBXVariantGroup section */

/* Begin XCBuildConfiguration section */
		17F334442BC746B500461210 /* Debug */ = {
			isa = XCBuildConfiguration;
			buildSettings = {
				ALWAYS_SEARCH_USER_PATHS = NO;
				ASSETCATALOG_COMPILER_GENERATE_SWIFT_ASSET_SYMBOL_EXTENSIONS = YES;
				CLANG_ANALYZER_NONNULL = YES;
				CLANG_ANALYZER_NUMBER_OBJECT_CONVERSION = YES_AGGRESSIVE;
				CLANG_CXX_LANGUAGE_STANDARD = "gnu++20";
				CLANG_ENABLE_MODULES = YES;
				CLANG_ENABLE_OBJC_ARC = YES;
				CLANG_ENABLE_OBJC_WEAK = YES;
				CLANG_WARN_BLOCK_CAPTURE_AUTORELEASING = YES;
				CLANG_WARN_BOOL_CONVERSION = YES;
				CLANG_WARN_COMMA = YES;
				CLANG_WARN_CONSTANT_CONVERSION = YES;
				CLANG_WARN_DEPRECATED_OBJC_IMPLEMENTATIONS = YES;
				CLANG_WARN_DIRECT_OBJC_ISA_USAGE = YES_ERROR;
				CLANG_WARN_DOCUMENTATION_COMMENTS = YES;
				CLANG_WARN_EMPTY_BODY = YES;
				CLANG_WARN_ENUM_CONVERSION = YES;
				CLANG_WARN_INFINITE_RECURSION = YES;
				CLANG_WARN_INT_CONVERSION = YES;
				CLANG_WARN_NON_LITERAL_NULL_CONVERSION = YES;
				CLANG_WARN_OBJC_IMPLICIT_RETAIN_SELF = YES;
				CLANG_WARN_OBJC_LITERAL_CONVERSION = YES;
				CLANG_WARN_OBJC_ROOT_CLASS = YES_ERROR;
				CLANG_WARN_QUOTED_INCLUDE_IN_FRAMEWORK_HEADER = YES;
				CLANG_WARN_RANGE_LOOP_ANALYSIS = YES;
				CLANG_WARN_STRICT_PROTOTYPES = YES;
				CLANG_WARN_SUSPICIOUS_MOVE = YES;
				CLANG_WARN_UNGUARDED_AVAILABILITY = YES_AGGRESSIVE;
				CLANG_WARN_UNREACHABLE_CODE = YES;
				CLANG_WARN__DUPLICATE_METHOD_MATCH = YES;
				COPY_PHASE_STRIP = NO;
				DEBUG_INFORMATION_FORMAT = dwarf;
				ENABLE_STRICT_OBJC_MSGSEND = YES;
				ENABLE_TESTABILITY = YES;
				ENABLE_USER_SCRIPT_SANDBOXING = YES;
				GCC_C_LANGUAGE_STANDARD = gnu17;
				GCC_DYNAMIC_NO_PIC = NO;
				GCC_NO_COMMON_BLOCKS = YES;
				GCC_OPTIMIZATION_LEVEL = 0;
				GCC_PREPROCESSOR_DEFINITIONS = (
					"DEBUG=1",
					"$(inherited)",
				);
				GCC_WARN_64_TO_32_BIT_CONVERSION = YES;
				GCC_WARN_ABOUT_RETURN_TYPE = YES_ERROR;
				GCC_WARN_UNDECLARED_SELECTOR = YES;
				GCC_WARN_UNINITIALIZED_AUTOS = YES_AGGRESSIVE;
				GCC_WARN_UNUSED_FUNCTION = YES;
				GCC_WARN_UNUSED_VARIABLE = YES;
				IPHONEOS_DEPLOYMENT_TARGET = 17.4;
				LOCALIZATION_PREFERS_STRING_CATALOGS = YES;
				MTL_ENABLE_DEBUG_INFO = INCLUDE_SOURCE;
				MTL_FAST_MATH = YES;
				ONLY_ACTIVE_ARCH = YES;
				SDKROOT = iphoneos;
				SWIFT_ACTIVE_COMPILATION_CONDITIONS = "DEBUG $(inherited)";
				SWIFT_OPTIMIZATION_LEVEL = "-Onone";
			};
			name = Debug;
		};
		17F334452BC746B500461210 /* Release */ = {
			isa = XCBuildConfiguration;
			buildSettings = {
				ALWAYS_SEARCH_USER_PATHS = NO;
				ASSETCATALOG_COMPILER_GENERATE_SWIFT_ASSET_SYMBOL_EXTENSIONS = YES;
				CLANG_ANALYZER_NONNULL = YES;
				CLANG_ANALYZER_NUMBER_OBJECT_CONVERSION = YES_AGGRESSIVE;
				CLANG_CXX_LANGUAGE_STANDARD = "gnu++20";
				CLANG_ENABLE_MODULES = YES;
				CLANG_ENABLE_OBJC_ARC = YES;
				CLANG_ENABLE_OBJC_WEAK = YES;
				CLANG_WARN_BLOCK_CAPTURE_AUTORELEASING = YES;
				CLANG_WARN_BOOL_CONVERSION = YES;
				CLANG_WARN_COMMA = YES;
				CLANG_WARN_CONSTANT_CONVERSION = YES;
				CLANG_WARN_DEPRECATED_OBJC_IMPLEMENTATIONS = YES;
				CLANG_WARN_DIRECT_OBJC_ISA_USAGE = YES_ERROR;
				CLANG_WARN_DOCUMENTATION_COMMENTS = YES;
				CLANG_WARN_EMPTY_BODY = YES;
				CLANG_WARN_ENUM_CONVERSION = YES;
				CLANG_WARN_INFINITE_RECURSION = YES;
				CLANG_WARN_INT_CONVERSION = YES;
				CLANG_WARN_NON_LITERAL_NULL_CONVERSION = YES;
				CLANG_WARN_OBJC_IMPLICIT_RETAIN_SELF = YES;
				CLANG_WARN_OBJC_LITERAL_CONVERSION = YES;
				CLANG_WARN_OBJC_ROOT_CLASS = YES_ERROR;
				CLANG_WARN_QUOTED_INCLUDE_IN_FRAMEWORK_HEADER = YES;
				CLANG_WARN_RANGE_LOOP_ANALYSIS = YES;
				CLANG_WARN_STRICT_PROTOTYPES = YES;
				CLANG_WARN_SUSPICIOUS_MOVE = YES;
				CLANG_WARN_UNGUARDED_AVAILABILITY = YES_AGGRESSIVE;
				CLANG_WARN_UNREACHABLE_CODE = YES;
				CLANG_WARN__DUPLICATE_METHOD_MATCH = YES;
				COPY_PHASE_STRIP = NO;
				DEBUG_INFORMATION_FORMAT = "dwarf-with-dsym";
				ENABLE_NS_ASSERTIONS = NO;
				ENABLE_STRICT_OBJC_MSGSEND = YES;
				ENABLE_USER_SCRIPT_SANDBOXING = YES;
				GCC_C_LANGUAGE_STANDARD = gnu17;
				GCC_NO_COMMON_BLOCKS = YES;
				GCC_WARN_64_TO_32_BIT_CONVERSION = YES;
				GCC_WARN_ABOUT_RETURN_TYPE = YES_ERROR;
				GCC_WARN_UNDECLARED_SELECTOR = YES;
				GCC_WARN_UNINITIALIZED_AUTOS = YES_AGGRESSIVE;
				GCC_WARN_UNUSED_FUNCTION = YES;
				GCC_WARN_UNUSED_VARIABLE = YES;
				IPHONEOS_DEPLOYMENT_TARGET = 17.4;
				LOCALIZATION_PREFERS_STRING_CATALOGS = YES;
				MTL_ENABLE_DEBUG_INFO = NO;
				MTL_FAST_MATH = YES;
				SDKROOT = iphoneos;
				SWIFT_COMPILATION_MODE = wholemodule;
				VALIDATE_PRODUCT = YES;
			};
			name = Release;
		};
		17F334472BC746B500461210 /* Debug */ = {
			isa = XCBuildConfiguration;
			buildSettings = {
				ASSETCATALOG_COMPILER_APPICON_NAME = AppIcon;
				ASSETCATALOG_COMPILER_GLOBAL_ACCENT_COLOR_NAME = AccentColor;
				CODE_SIGN_STYLE = Automatic;
				CURRENT_PROJECT_VERSION = 1;
				DEVELOPMENT_TEAM = 6CZNS4ZZ97;
				GENERATE_INFOPLIST_FILE = YES;
				INFOPLIST_FILE = RickAndMorty/Info.plist;
				INFOPLIST_KEY_UIApplicationSupportsIndirectInputEvents = YES;
				INFOPLIST_KEY_UILaunchStoryboardName = LaunchScreen;
				INFOPLIST_KEY_UISupportedInterfaceOrientations_iPad = "UIInterfaceOrientationPortrait UIInterfaceOrientationPortraitUpsideDown UIInterfaceOrientationLandscapeLeft UIInterfaceOrientationLandscapeRight";
				INFOPLIST_KEY_UISupportedInterfaceOrientations_iPhone = "UIInterfaceOrientationPortrait UIInterfaceOrientationLandscapeLeft UIInterfaceOrientationLandscapeRight";
				IPHONEOS_DEPLOYMENT_TARGET = 14.0;
				LD_RUNPATH_SEARCH_PATHS = (
					"$(inherited)",
					"@executable_path/Frameworks",
				);
				MARKETING_VERSION = 1.0;
				PRODUCT_BUNDLE_IDENTIFIER = com.salakhovilfat.RickAndMorty;
				PRODUCT_NAME = "$(TARGET_NAME)";
				SUPPORTED_PLATFORMS = "iphoneos iphonesimulator";
				SUPPORTS_MACCATALYST = NO;
				SUPPORTS_MAC_DESIGNED_FOR_IPHONE_IPAD = NO;
				SUPPORTS_XR_DESIGNED_FOR_IPHONE_IPAD = NO;
				SWIFT_EMIT_LOC_STRINGS = YES;
				SWIFT_VERSION = 5.0;
				TARGETED_DEVICE_FAMILY = 1;
			};
			name = Debug;
		};
		17F334482BC746B500461210 /* Release */ = {
			isa = XCBuildConfiguration;
			buildSettings = {
				ASSETCATALOG_COMPILER_APPICON_NAME = AppIcon;
				ASSETCATALOG_COMPILER_GLOBAL_ACCENT_COLOR_NAME = AccentColor;
				CODE_SIGN_STYLE = Automatic;
				CURRENT_PROJECT_VERSION = 1;
				DEVELOPMENT_TEAM = 6CZNS4ZZ97;
				GENERATE_INFOPLIST_FILE = YES;
				INFOPLIST_FILE = RickAndMorty/Info.plist;
				INFOPLIST_KEY_UIApplicationSupportsIndirectInputEvents = YES;
				INFOPLIST_KEY_UILaunchStoryboardName = LaunchScreen;
				INFOPLIST_KEY_UISupportedInterfaceOrientations_iPad = "UIInterfaceOrientationPortrait UIInterfaceOrientationPortraitUpsideDown UIInterfaceOrientationLandscapeLeft UIInterfaceOrientationLandscapeRight";
				INFOPLIST_KEY_UISupportedInterfaceOrientations_iPhone = "UIInterfaceOrientationPortrait UIInterfaceOrientationLandscapeLeft UIInterfaceOrientationLandscapeRight";
				IPHONEOS_DEPLOYMENT_TARGET = 14.0;
				LD_RUNPATH_SEARCH_PATHS = (
					"$(inherited)",
					"@executable_path/Frameworks",
				);
				MARKETING_VERSION = 1.0;
				PRODUCT_BUNDLE_IDENTIFIER = com.salakhovilfat.RickAndMorty;
				PRODUCT_NAME = "$(TARGET_NAME)";
				SUPPORTED_PLATFORMS = "iphoneos iphonesimulator";
				SUPPORTS_MACCATALYST = NO;
				SUPPORTS_MAC_DESIGNED_FOR_IPHONE_IPAD = NO;
				SUPPORTS_XR_DESIGNED_FOR_IPHONE_IPAD = NO;
				SWIFT_EMIT_LOC_STRINGS = YES;
				SWIFT_VERSION = 5.0;
				TARGETED_DEVICE_FAMILY = 1;
			};
			name = Release;
		};
/* End XCBuildConfiguration section */

/* Begin XCConfigurationList section */
		17F3342D2BC746B400461210 /* Build configuration list for PBXProject "RickAndMorty" */ = {
			isa = XCConfigurationList;
			buildConfigurations = (
				17F334442BC746B500461210 /* Debug */,
				17F334452BC746B500461210 /* Release */,
			);
			defaultConfigurationIsVisible = 0;
			defaultConfigurationName = Release;
		};
		17F334462BC746B500461210 /* Build configuration list for PBXNativeTarget "RickAndMorty" */ = {
			isa = XCConfigurationList;
			buildConfigurations = (
				17F334472BC746B500461210 /* Debug */,
				17F334482BC746B500461210 /* Release */,
			);
			defaultConfigurationIsVisible = 0;
			defaultConfigurationName = Release;
		};
/* End XCConfigurationList section */
	};
	rootObject = 17F3342A2BC746B400461210 /* Project object */;
}
